
Microsoft Visual Studio Solution File, Format Version 12.00
# Visual Studio Version 17
VisualStudioVersion = 17.0.31903.59
MinimumVisualStudioVersion = 10.0.40219.1
Project("{2150E333-8FDC-42A3-9474-1A3956D46DE8}") = "src", "src", "{67E0B923-E90B-4E4B-A28A-614174E65768}"
EndProject
Project("{FAE04EC0-301F-11D3-BF4B-00C04F79EFBC}") = "FactoryProject", "src\FactoryProject\FactoryProject.csproj", "{D6E03958-8E2A-454C-8499-9D485B740B37}"
EndProject
Project("{2150E333-8FDC-42A3-9474-1A3956D46DE8}") = "tests", "tests", "{ACA28CE0-263D-4E2B-BC79-E3F092A808A1}"
EndProject
Project("{FAE04EC0-301F-11D3-BF4B-00C04F79EFBC}") = "FactoryProject.Tests", "tests\FactoryProject.Tests\FactoryProject.Tests.csproj", "{F12810DB-2EF1-4473-8295-263E875DEA1C}"
EndProject
Project("{FAE04EC0-301F-11D3-BF4B-00C04F79EFBC}") = "BuilderProject", "src\BuilderProject\BuilderProject.csproj", "{AAF40D99-F6EA-4A46-84E3-FCD720AACE9F}"
EndProject
Project("{FAE04EC0-301F-11D3-BF4B-00C04F79EFBC}") = "BuilderProject.Tests", "tests\BuilderProject.Tests\BuilderProject.Tests.csproj", "{576DC5AE-EE95-4051-BEA2-93BF27F633A0}"
EndProject
Project("{FAE04EC0-301F-11D3-BF4B-00C04F79EFBC}") = "PrototypeProject", "src\PrototypeProject\PrototypeProject.csproj", "{BD1FD478-1AEA-438D-9571-9BF0DCFF2545}"
EndProject
Project("{FAE04EC0-301F-11D3-BF4B-00C04F79EFBC}") = "PrototypeProject.Tests", "tests\PrototypeProject.Tests\PrototypeProject.Tests.csproj", "{CA8B1033-F655-4D13-AB72-160FBDC3D1F7}"
EndProject
Project("{FAE04EC0-301F-11D3-BF4B-00C04F79EFBC}") = "SingletonProject", "src\SingletonProject\SingletonProject.csproj", "{E291A407-798F-46A3-A18D-937DF86D1C08}"
EndProject
Project("{FAE04EC0-301F-11D3-BF4B-00C04F79EFBC}") = "SingletonProject.Tests", "tests\SingletonProject.Tests\SingletonProject.Tests.csproj", "{329E09E8-FC97-4267-A8AA-9015A6796529}"
EndProject
Global
	GlobalSection(SolutionConfigurationPlatforms) = preSolution
		Debug|Any CPU = Debug|Any CPU
		Release|Any CPU = Release|Any CPU
	EndGlobalSection
	GlobalSection(SolutionProperties) = preSolution
		HideSolutionNode = FALSE
	EndGlobalSection
	GlobalSection(ProjectConfigurationPlatforms) = postSolution
		{D6E03958-8E2A-454C-8499-9D485B740B37}.Debug|Any CPU.ActiveCfg = Debug|Any CPU
		{D6E03958-8E2A-454C-8499-9D485B740B37}.Debug|Any CPU.Build.0 = Debug|Any CPU
		{D6E03958-8E2A-454C-8499-9D485B740B37}.Release|Any CPU.ActiveCfg = Release|Any CPU
		{D6E03958-8E2A-454C-8499-9D485B740B37}.Release|Any CPU.Build.0 = Release|Any CPU
		{F12810DB-2EF1-4473-8295-263E875DEA1C}.Debug|Any CPU.ActiveCfg = Debug|Any CPU
		{F12810DB-2EF1-4473-8295-263E875DEA1C}.Debug|Any CPU.Build.0 = Debug|Any CPU
		{F12810DB-2EF1-4473-8295-263E875DEA1C}.Release|Any CPU.ActiveCfg = Release|Any CPU
		{F12810DB-2EF1-4473-8295-263E875DEA1C}.Release|Any CPU.Build.0 = Release|Any CPU
		{AAF40D99-F6EA-4A46-84E3-FCD720AACE9F}.Debug|Any CPU.ActiveCfg = Debug|Any CPU
		{AAF40D99-F6EA-4A46-84E3-FCD720AACE9F}.Debug|Any CPU.Build.0 = Debug|Any CPU
		{AAF40D99-F6EA-4A46-84E3-FCD720AACE9F}.Release|Any CPU.ActiveCfg = Release|Any CPU
		{AAF40D99-F6EA-4A46-84E3-FCD720AACE9F}.Release|Any CPU.Build.0 = Release|Any CPU
		{576DC5AE-EE95-4051-BEA2-93BF27F633A0}.Debug|Any CPU.ActiveCfg = Debug|Any CPU
		{576DC5AE-EE95-4051-BEA2-93BF27F633A0}.Debug|Any CPU.Build.0 = Debug|Any CPU
		{576DC5AE-EE95-4051-BEA2-93BF27F633A0}.Release|Any CPU.ActiveCfg = Release|Any CPU
		{576DC5AE-EE95-4051-BEA2-93BF27F633A0}.Release|Any CPU.Build.0 = Release|Any CPU
		{BD1FD478-1AEA-438D-9571-9BF0DCFF2545}.Debug|Any CPU.ActiveCfg = Debug|Any CPU
		{BD1FD478-1AEA-438D-9571-9BF0DCFF2545}.Debug|Any CPU.Build.0 = Debug|Any CPU
		{BD1FD478-1AEA-438D-9571-9BF0DCFF2545}.Release|Any CPU.ActiveCfg = Release|Any CPU
		{BD1FD478-1AEA-438D-9571-9BF0DCFF2545}.Release|Any CPU.Build.0 = Release|Any CPU
		{CA8B1033-F655-4D13-AB72-160FBDC3D1F7}.Debug|Any CPU.ActiveCfg = Debug|Any CPU
		{CA8B1033-F655-4D13-AB72-160FBDC3D1F7}.Debug|Any CPU.Build.0 = Debug|Any CPU
		{CA8B1033-F655-4D13-AB72-160FBDC3D1F7}.Release|Any CPU.ActiveCfg = Release|Any CPU
		{CA8B1033-F655-4D13-AB72-160FBDC3D1F7}.Release|Any CPU.Build.0 = Release|Any CPU
		{E291A407-798F-46A3-A18D-937DF86D1C08}.Debug|Any CPU.ActiveCfg = Debug|Any CPU
		{E291A407-798F-46A3-A18D-937DF86D1C08}.Debug|Any CPU.Build.0 = Debug|Any CPU
		{E291A407-798F-46A3-A18D-937DF86D1C08}.Release|Any CPU.ActiveCfg = Release|Any CPU
		{E291A407-798F-46A3-A18D-937DF86D1C08}.Release|Any CPU.Build.0 = Release|Any CPU
		{329E09E8-FC97-4267-A8AA-9015A6796529}.Debug|Any CPU.ActiveCfg = Debug|Any CPU
		{329E09E8-FC97-4267-A8AA-9015A6796529}.Debug|Any CPU.Build.0 = Debug|Any CPU
		{329E09E8-FC97-4267-A8AA-9015A6796529}.Release|Any CPU.ActiveCfg = Release|Any CPU
		{329E09E8-FC97-4267-A8AA-9015A6796529}.Release|Any CPU.Build.0 = Release|Any CPU
	EndGlobalSection
	GlobalSection(NestedProjects) = preSolution
		{D6E03958-8E2A-454C-8499-9D485B740B37} = {67E0B923-E90B-4E4B-A28A-614174E65768}
		{F12810DB-2EF1-4473-8295-263E875DEA1C} = {ACA28CE0-263D-4E2B-BC79-E3F092A808A1}
		{AAF40D99-F6EA-4A46-84E3-FCD720AACE9F} = {67E0B923-E90B-4E4B-A28A-614174E65768}
		{576DC5AE-EE95-4051-BEA2-93BF27F633A0} = {ACA28CE0-263D-4E2B-BC79-E3F092A808A1}
		{BD1FD478-1AEA-438D-9571-9BF0DCFF2545} = {67E0B923-E90B-4E4B-A28A-614174E65768}
		{CA8B1033-F655-4D13-AB72-160FBDC3D1F7} = {ACA28CE0-263D-4E2B-BC79-E3F092A808A1}
		{E291A407-798F-46A3-A18D-937DF86D1C08} = {67E0B923-E90B-4E4B-A28A-614174E65768}
		{329E09E8-FC97-4267-A8AA-9015A6796529} = {ACA28CE0-263D-4E2B-BC79-E3F092A808A1}
	EndGlobalSection
EndGlobal
