
Microsoft Visual Studio Solution File, Format Version 12.00
# Visual Studio Version 17
VisualStudioVersion = 17.0.31903.59
MinimumVisualStudioVersion = 10.0.40219.1
Project("{2150E333-8FDC-42A3-9474-1A3956D46DE8}") = "src", "src", "{67E0B923-E90B-4E4B-A28A-614174E65768}"
EndProject
Project("{FAE04EC0-301F-11D3-BF4B-00C04F79EFBC}") = "FactoryProject", "src\FactoryProject\FactoryProject.csproj", "{D6E03958-8E2A-454C-8499-9D485B740B37}"
EndProject
Project("{2150E333-8FDC-42A3-9474-1A3956D46DE8}") = "tests", "tests", "{ACA28CE0-263D-4E2B-BC79-E3F092A808A1}"
EndProject
Project("{FAE04EC0-301F-11D3-BF4B-00C04F79EFBC}") = "FactoryProject.Tests", "tests\FactoryProject.Tests\FactoryProject.Tests.csproj", "{F12810DB-2EF1-4473-8295-263E875DEA1C}"
EndProject
Project("{FAE04EC0-301F-11D3-BF4B-00C04F79EFBC}") = "BuilderProject", "src\BuilderProject\BuilderProject.csproj", "{AAF40D99-F6EA-4A46-84E3-FCD720AACE9F}"
EndProject
Project("{FAE04EC0-301F-11D3-BF4B-00C04F79EFBC}") = "BuilderProject.Tests", "tests\BuilderProject.Tests\BuilderProject.Tests.csproj", "{576DC5AE-EE95-4051-BEA2-93BF27F633A0}"
EndProject
Project("{FAE04EC0-301F-11D3-BF4B-00C04F79EFBC}") = "PrototypeProject", "src\PrototypeProject\PrototypeProject.csproj", "{BD1FD478-1AEA-438D-9571-9BF0DCFF2545}"
EndProject
Project("{FAE04EC0-301F-11D3-BF4B-00C04F79EFBC}") = "PrototypeProject.Tests", "tests\PrototypeProject.Tests\PrototypeProject.Tests.csproj", "{CA8B1033-F655-4D13-AB72-160FBDC3D1F7}"
EndProject
Project("{FAE04EC0-301F-11D3-BF4B-00C04F79EFBC}") = "SingletonProject", "src\SingletonProject\SingletonProject.csproj", "{E291A407-798F-46A3-A18D-937DF86D1C08}"
EndProject
Project("{FAE04EC0-301F-11D3-BF4B-00C04F79EFBC}") = "SingletonProject.Tests", "tests\SingletonProject.Tests\SingletonProject.Tests.csproj", "{329E09E8-FC97-4267-A8AA-9015A6796529}"
EndProject
Project("{FAE04EC0-301F-11D3-BF4B-00C04F79EFBC}") = "AdapterProject", "src\AdapterProject\AdapterProject.csproj", "{78E2BF27-29F7-47C0-842C-7FB5AB4F8FCD}"
EndProject
Project("{FAE04EC0-301F-11D3-BF4B-00C04F79EFBC}") = "AdapterProject.Tests", "tests\AdapterProject.Tests\AdapterProject.Tests.csproj", "{F5F0DC7E-EFED-49A8-A9F6-67D02D6006B6}"
EndProject
Project("{FAE04EC0-301F-11D3-BF4B-00C04F79EFBC}") = "ProxyProject", "src\ProxyProject\ProxyProject.csproj", "{F1D352F8-06A8-484C-A028-FBB35C3FCA27}"
EndProject
Project("{FAE04EC0-301F-11D3-BF4B-00C04F79EFBC}") = "ProxyProjectTests", "tests\ProxyProjectTests\ProxyProjectTests.csproj", "{3DCCFBFA-2987-4ACA-87C9-CD82070DEA4F}"
EndProject
Project("{FAE04EC0-301F-11D3-BF4B-00C04F79EFBC}") = "CompositeProject", "src\CompositeProject\CompositeProject.csproj", "{8258E548-86CC-4BF2-B71E-1F6A0C4B13C7}"
EndProject
Project("{FAE04EC0-301F-11D3-BF4B-00C04F79EFBC}") = "CompositeProject.Tests", "tests\CompositeProject.Tests\CompositeProject.Tests.csproj", "{ABB35706-44B4-46E5-BA49-1E0FE175829F}"
EndProject
Project("{FAE04EC0-301F-11D3-BF4B-00C04F79EFBC}") = "DecoratorProject", "src\DecoratorProject\DecoratorProject.csproj", "{727DAD7E-B5BB-4707-B120-5BA28B227074}"
EndProject
Project("{FAE04EC0-301F-11D3-BF4B-00C04F79EFBC}") = "DecoratorProject.Tests", "tests\DecoratorProject.Tests\DecoratorProject.Tests.csproj", "{5B90DA57-8A87-4066-BE9B-546566AA8445}"
EndProject
Project("{FAE04EC0-301F-11D3-BF4B-00C04F79EFBC}") = "FacadeProject", "src\FacadeProject\FacadeProject.csproj", "{FED75311-6598-4679-BD11-A50997C3A076}"
EndProject
Project("{FAE04EC0-301F-11D3-BF4B-00C04F79EFBC}") = "FacadeProject.Tests", "tests\FacadeProject.Tests\FacadeProject.Tests.csproj", "{BFCB7293-2336-473D-BE5D-651800F88AD2}"
EndProject
Project("{FAE04EC0-301F-11D3-BF4B-00C04F79EFBC}") = "FlyweightProject", "src\FlyweightProject\FlyweightProject.csproj", "{A61787E6-78D1-4DC3-A455-19CF41194833}"
EndProject
Project("{FAE04EC0-301F-11D3-BF4B-00C04F79EFBC}") = "FlyweightProject.Tests", "tests\FlyweightProject.Tests\FlyweightProject.Tests.csproj", "{1C855739-1286-4706-9B1B-9C4503A90253}"
EndProject
Global
	GlobalSection(SolutionConfigurationPlatforms) = preSolution
		Debug|Any CPU = Debug|Any CPU
		Release|Any CPU = Release|Any CPU
	EndGlobalSection
	GlobalSection(SolutionProperties) = preSolution
		HideSolutionNode = FALSE
	EndGlobalSection
	GlobalSection(ProjectConfigurationPlatforms) = postSolution
		{D6E03958-8E2A-454C-8499-9D485B740B37}.Debug|Any CPU.ActiveCfg = Debug|Any CPU
		{D6E03958-8E2A-454C-8499-9D485B740B37}.Debug|Any CPU.Build.0 = Debug|Any CPU
		{D6E03958-8E2A-454C-8499-9D485B740B37}.Release|Any CPU.ActiveCfg = Release|Any CPU
		{D6E03958-8E2A-454C-8499-9D485B740B37}.Release|Any CPU.Build.0 = Release|Any CPU
		{F12810DB-2EF1-4473-8295-263E875DEA1C}.Debug|Any CPU.ActiveCfg = Debug|Any CPU
		{F12810DB-2EF1-4473-8295-263E875DEA1C}.Debug|Any CPU.Build.0 = Debug|Any CPU
		{F12810DB-2EF1-4473-8295-263E875DEA1C}.Release|Any CPU.ActiveCfg = Release|Any CPU
		{F12810DB-2EF1-4473-8295-263E875DEA1C}.Release|Any CPU.Build.0 = Release|Any CPU
		{AAF40D99-F6EA-4A46-84E3-FCD720AACE9F}.Debug|Any CPU.ActiveCfg = Debug|Any CPU
		{AAF40D99-F6EA-4A46-84E3-FCD720AACE9F}.Debug|Any CPU.Build.0 = Debug|Any CPU
		{AAF40D99-F6EA-4A46-84E3-FCD720AACE9F}.Release|Any CPU.ActiveCfg = Release|Any CPU
		{AAF40D99-F6EA-4A46-84E3-FCD720AACE9F}.Release|Any CPU.Build.0 = Release|Any CPU
		{576DC5AE-EE95-4051-BEA2-93BF27F633A0}.Debug|Any CPU.ActiveCfg = Debug|Any CPU
		{576DC5AE-EE95-4051-BEA2-93BF27F633A0}.Debug|Any CPU.Build.0 = Debug|Any CPU
		{576DC5AE-EE95-4051-BEA2-93BF27F633A0}.Release|Any CPU.ActiveCfg = Release|Any CPU
		{576DC5AE-EE95-4051-BEA2-93BF27F633A0}.Release|Any CPU.Build.0 = Release|Any CPU
		{BD1FD478-1AEA-438D-9571-9BF0DCFF2545}.Debug|Any CPU.ActiveCfg = Debug|Any CPU
		{BD1FD478-1AEA-438D-9571-9BF0DCFF2545}.Debug|Any CPU.Build.0 = Debug|Any CPU
		{BD1FD478-1AEA-438D-9571-9BF0DCFF2545}.Release|Any CPU.ActiveCfg = Release|Any CPU
		{BD1FD478-1AEA-438D-9571-9BF0DCFF2545}.Release|Any CPU.Build.0 = Release|Any CPU
		{CA8B1033-F655-4D13-AB72-160FBDC3D1F7}.Debug|Any CPU.ActiveCfg = Debug|Any CPU
		{CA8B1033-F655-4D13-AB72-160FBDC3D1F7}.Debug|Any CPU.Build.0 = Debug|Any CPU
		{CA8B1033-F655-4D13-AB72-160FBDC3D1F7}.Release|Any CPU.ActiveCfg = Release|Any CPU
		{CA8B1033-F655-4D13-AB72-160FBDC3D1F7}.Release|Any CPU.Build.0 = Release|Any CPU
		{E291A407-798F-46A3-A18D-937DF86D1C08}.Debug|Any CPU.ActiveCfg = Debug|Any CPU
		{E291A407-798F-46A3-A18D-937DF86D1C08}.Debug|Any CPU.Build.0 = Debug|Any CPU
		{E291A407-798F-46A3-A18D-937DF86D1C08}.Release|Any CPU.ActiveCfg = Release|Any CPU
		{E291A407-798F-46A3-A18D-937DF86D1C08}.Release|Any CPU.Build.0 = Release|Any CPU
		{329E09E8-FC97-4267-A8AA-9015A6796529}.Debug|Any CPU.ActiveCfg = Debug|Any CPU
		{329E09E8-FC97-4267-A8AA-9015A6796529}.Debug|Any CPU.Build.0 = Debug|Any CPU
		{329E09E8-FC97-4267-A8AA-9015A6796529}.Release|Any CPU.ActiveCfg = Release|Any CPU
		{329E09E8-FC97-4267-A8AA-9015A6796529}.Release|Any CPU.Build.0 = Release|Any CPU
		{78E2BF27-29F7-47C0-842C-7FB5AB4F8FCD}.Debug|Any CPU.ActiveCfg = Debug|Any CPU
		{78E2BF27-29F7-47C0-842C-7FB5AB4F8FCD}.Debug|Any CPU.Build.0 = Debug|Any CPU
		{78E2BF27-29F7-47C0-842C-7FB5AB4F8FCD}.Release|Any CPU.ActiveCfg = Release|Any CPU
		{78E2BF27-29F7-47C0-842C-7FB5AB4F8FCD}.Release|Any CPU.Build.0 = Release|Any CPU
		{F5F0DC7E-EFED-49A8-A9F6-67D02D6006B6}.Debug|Any CPU.ActiveCfg = Debug|Any CPU
		{F5F0DC7E-EFED-49A8-A9F6-67D02D6006B6}.Debug|Any CPU.Build.0 = Debug|Any CPU
		{F5F0DC7E-EFED-49A8-A9F6-67D02D6006B6}.Release|Any CPU.ActiveCfg = Release|Any CPU
		{F5F0DC7E-EFED-49A8-A9F6-67D02D6006B6}.Release|Any CPU.Build.0 = Release|Any CPU
		{F1D352F8-06A8-484C-A028-FBB35C3FCA27}.Debug|Any CPU.ActiveCfg = Debug|Any CPU
		{F1D352F8-06A8-484C-A028-FBB35C3FCA27}.Debug|Any CPU.Build.0 = Debug|Any CPU
		{F1D352F8-06A8-484C-A028-FBB35C3FCA27}.Release|Any CPU.ActiveCfg = Release|Any CPU
		{F1D352F8-06A8-484C-A028-FBB35C3FCA27}.Release|Any CPU.Build.0 = Release|Any CPU
		{3DCCFBFA-2987-4ACA-87C9-CD82070DEA4F}.Debug|Any CPU.ActiveCfg = Debug|Any CPU
		{3DCCFBFA-2987-4ACA-87C9-CD82070DEA4F}.Debug|Any CPU.Build.0 = Debug|Any CPU
		{3DCCFBFA-2987-4ACA-87C9-CD82070DEA4F}.Release|Any CPU.ActiveCfg = Release|Any CPU
		{3DCCFBFA-2987-4ACA-87C9-CD82070DEA4F}.Release|Any CPU.Build.0 = Release|Any CPU
		{8258E548-86CC-4BF2-B71E-1F6A0C4B13C7}.Debug|Any CPU.ActiveCfg = Debug|Any CPU
		{8258E548-86CC-4BF2-B71E-1F6A0C4B13C7}.Debug|Any CPU.Build.0 = Debug|Any CPU
		{8258E548-86CC-4BF2-B71E-1F6A0C4B13C7}.Release|Any CPU.ActiveCfg = Release|Any CPU
		{8258E548-86CC-4BF2-B71E-1F6A0C4B13C7}.Release|Any CPU.Build.0 = Release|Any CPU
		{ABB35706-44B4-46E5-BA49-1E0FE175829F}.Debug|Any CPU.ActiveCfg = Debug|Any CPU
		{ABB35706-44B4-46E5-BA49-1E0FE175829F}.Debug|Any CPU.Build.0 = Debug|Any CPU
		{ABB35706-44B4-46E5-BA49-1E0FE175829F}.Release|Any CPU.ActiveCfg = Release|Any CPU
		{ABB35706-44B4-46E5-BA49-1E0FE175829F}.Release|Any CPU.Build.0 = Release|Any CPU
		{727DAD7E-B5BB-4707-B120-5BA28B227074}.Debug|Any CPU.ActiveCfg = Debug|Any CPU
		{727DAD7E-B5BB-4707-B120-5BA28B227074}.Debug|Any CPU.Build.0 = Debug|Any CPU
		{727DAD7E-B5BB-4707-B120-5BA28B227074}.Release|Any CPU.ActiveCfg = Release|Any CPU
		{727DAD7E-B5BB-4707-B120-5BA28B227074}.Release|Any CPU.Build.0 = Release|Any CPU
		{5B90DA57-8A87-4066-BE9B-546566AA8445}.Debug|Any CPU.ActiveCfg = Debug|Any CPU
		{5B90DA57-8A87-4066-BE9B-546566AA8445}.Debug|Any CPU.Build.0 = Debug|Any CPU
		{5B90DA57-8A87-4066-BE9B-546566AA8445}.Release|Any CPU.ActiveCfg = Release|Any CPU
		{5B90DA57-8A87-4066-BE9B-546566AA8445}.Release|Any CPU.Build.0 = Release|Any CPU
		{FED75311-6598-4679-BD11-A50997C3A076}.Debug|Any CPU.ActiveCfg = Debug|Any CPU
		{FED75311-6598-4679-BD11-A50997C3A076}.Debug|Any CPU.Build.0 = Debug|Any CPU
		{FED75311-6598-4679-BD11-A50997C3A076}.Release|Any CPU.ActiveCfg = Release|Any CPU
		{FED75311-6598-4679-BD11-A50997C3A076}.Release|Any CPU.Build.0 = Release|Any CPU
		{BFCB7293-2336-473D-BE5D-651800F88AD2}.Debug|Any CPU.ActiveCfg = Debug|Any CPU
		{BFCB7293-2336-473D-BE5D-651800F88AD2}.Debug|Any CPU.Build.0 = Debug|Any CPU
		{BFCB7293-2336-473D-BE5D-651800F88AD2}.Release|Any CPU.ActiveCfg = Release|Any CPU
		{BFCB7293-2336-473D-BE5D-651800F88AD2}.Release|Any CPU.Build.0 = Release|Any CPU
		{A61787E6-78D1-4DC3-A455-19CF41194833}.Debug|Any CPU.ActiveCfg = Debug|Any CPU
		{A61787E6-78D1-4DC3-A455-19CF41194833}.Debug|Any CPU.Build.0 = Debug|Any CPU
		{A61787E6-78D1-4DC3-A455-19CF41194833}.Release|Any CPU.ActiveCfg = Release|Any CPU
		{A61787E6-78D1-4DC3-A455-19CF41194833}.Release|Any CPU.Build.0 = Release|Any CPU
		{1C855739-1286-4706-9B1B-9C4503A90253}.Debug|Any CPU.ActiveCfg = Debug|Any CPU
		{1C855739-1286-4706-9B1B-9C4503A90253}.Debug|Any CPU.Build.0 = Debug|Any CPU
		{1C855739-1286-4706-9B1B-9C4503A90253}.Release|Any CPU.ActiveCfg = Release|Any CPU
		{1C855739-1286-4706-9B1B-9C4503A90253}.Release|Any CPU.Build.0 = Release|Any CPU
	EndGlobalSection
	GlobalSection(NestedProjects) = preSolution
		{D6E03958-8E2A-454C-8499-9D485B740B37} = {67E0B923-E90B-4E4B-A28A-614174E65768}
		{F12810DB-2EF1-4473-8295-263E875DEA1C} = {ACA28CE0-263D-4E2B-BC79-E3F092A808A1}
		{AAF40D99-F6EA-4A46-84E3-FCD720AACE9F} = {67E0B923-E90B-4E4B-A28A-614174E65768}
		{576DC5AE-EE95-4051-BEA2-93BF27F633A0} = {ACA28CE0-263D-4E2B-BC79-E3F092A808A1}
		{BD1FD478-1AEA-438D-9571-9BF0DCFF2545} = {67E0B923-E90B-4E4B-A28A-614174E65768}
		{CA8B1033-F655-4D13-AB72-160FBDC3D1F7} = {ACA28CE0-263D-4E2B-BC79-E3F092A808A1}
		{E291A407-798F-46A3-A18D-937DF86D1C08} = {67E0B923-E90B-4E4B-A28A-614174E65768}
		{329E09E8-FC97-4267-A8AA-9015A6796529} = {ACA28CE0-263D-4E2B-BC79-E3F092A808A1}
		{78E2BF27-29F7-47C0-842C-7FB5AB4F8FCD} = {67E0B923-E90B-4E4B-A28A-614174E65768}
		{F5F0DC7E-EFED-49A8-A9F6-67D02D6006B6} = {ACA28CE0-263D-4E2B-BC79-E3F092A808A1}
		{F1D352F8-06A8-484C-A028-FBB35C3FCA27} = {67E0B923-E90B-4E4B-A28A-614174E65768}
		{3DCCFBFA-2987-4ACA-87C9-CD82070DEA4F} = {ACA28CE0-263D-4E2B-BC79-E3F092A808A1}
		{8258E548-86CC-4BF2-B71E-1F6A0C4B13C7} = {67E0B923-E90B-4E4B-A28A-614174E65768}
		{ABB35706-44B4-46E5-BA49-1E0FE175829F} = {ACA28CE0-263D-4E2B-BC79-E3F092A808A1}
		{727DAD7E-B5BB-4707-B120-5BA28B227074} = {67E0B923-E90B-4E4B-A28A-614174E65768}
		{5B90DA57-8A87-4066-BE9B-546566AA8445} = {ACA28CE0-263D-4E2B-BC79-E3F092A808A1}
		{FED75311-6598-4679-BD11-A50997C3A076} = {67E0B923-E90B-4E4B-A28A-614174E65768}
		{BFCB7293-2336-473D-BE5D-651800F88AD2} = {ACA28CE0-263D-4E2B-BC79-E3F092A808A1}
		{A61787E6-78D1-4DC3-A455-19CF41194833} = {67E0B923-E90B-4E4B-A28A-614174E65768}
		{1C855739-1286-4706-9B1B-9C4503A90253} = {ACA28CE0-263D-4E2B-BC79-E3F092A808A1}
	EndGlobalSection
EndGlobal
